
Microsoft Visual Studio Solution File, Format Version 12.00
# Visual Studio Version 17
VisualStudioVersion = 17.8.34316.72
MinimumVisualStudioVersion = 10.0.40219.1
Project("{9A19103F-16F7-4668-BE54-9A1E7A4F7556}") = "GenerativeAI.IntegratedConsole", "GenerativeAI.IntegratedConsole\GenerativeAI.IntegratedConsole.csproj", "{D950A322-6D75-4BE0-BA1E-767E81A00DEA}"
EndProject
Project("{8BC9CEB8-8B4A-11D0-8D11-00A0C91BC942}") = "GenerativeAI.OpenCVAPI", "CppTest\CppTest.vcxproj", "{5B720D62-15D7-4DA4-8CB8-A722D919F0FB}"
EndProject
Global
	GlobalSection(SolutionConfigurationPlatforms) = preSolution
		Debug|Any CPU = Debug|Any CPU
		Debug|x64 = Debug|x64
		Debug|x86 = Debug|x86
		Release|Any CPU = Release|Any CPU
		Release|x64 = Release|x64
		Release|x86 = Release|x86
	EndGlobalSection
	GlobalSection(ProjectConfigurationPlatforms) = postSolution
		{D950A322-6D75-4BE0-BA1E-767E81A00DEA}.Debug|Any CPU.ActiveCfg = Debug|Any CPU
		{D950A322-6D75-4BE0-BA1E-767E81A00DEA}.Debug|Any CPU.Build.0 = Debug|Any CPU
		{D950A322-6D75-4BE0-BA1E-767E81A00DEA}.Debug|x64.ActiveCfg = Debug|Any CPU
		{D950A322-6D75-4BE0-BA1E-767E81A00DEA}.Debug|x64.Build.0 = Debug|Any CPU
		{D950A322-6D75-4BE0-BA1E-767E81A00DEA}.Debug|x86.ActiveCfg = Debug|Any CPU
		{D950A322-6D75-4BE0-BA1E-767E81A00DEA}.Debug|x86.Build.0 = Debug|Any CPU
		{D950A322-6D75-4BE0-BA1E-767E81A00DEA}.Release|Any CPU.ActiveCfg = Release|Any CPU
		{D950A322-6D75-4BE0-BA1E-767E81A00DEA}.Release|Any CPU.Build.0 = Release|Any CPU
		{D950A322-6D75-4BE0-BA1E-767E81A00DEA}.Release|x64.ActiveCfg = Release|Any CPU
		{D950A322-6D75-4BE0-BA1E-767E81A00DEA}.Release|x64.Build.0 = Release|Any CPU
		{D950A322-6D75-4BE0-BA1E-767E81A00DEA}.Release|x86.ActiveCfg = Release|Any CPU
		{D950A322-6D75-4BE0-BA1E-767E81A00DEA}.Release|x86.Build.0 = Release|Any CPU
		{5B720D62-15D7-4DA4-8CB8-A722D919F0FB}.Debug|Any CPU.ActiveCfg = Debug|x64
		{5B720D62-15D7-4DA4-8CB8-A722D919F0FB}.Debug|Any CPU.Build.0 = Debug|x64
		{5B720D62-15D7-4DA4-8CB8-A722D919F0FB}.Debug|x64.ActiveCfg = Debug|x64
		{5B720D62-15D7-4DA4-8CB8-A722D919F0FB}.Debug|x64.Build.0 = Debug|x64
		{5B720D62-15D7-4DA4-8CB8-A722D919F0FB}.Debug|x86.ActiveCfg = Debug|Win32
		{5B720D62-15D7-4DA4-8CB8-A722D919F0FB}.Debug|x86.Build.0 = Debug|Win32
		{5B720D62-15D7-4DA4-8CB8-A722D919F0FB}.Release|Any CPU.ActiveCfg = Release|x64
		{5B720D62-15D7-4DA4-8CB8-A722D919F0FB}.Release|Any CPU.Build.0 = Release|x64
		{5B720D62-15D7-4DA4-8CB8-A722D919F0FB}.Release|x64.ActiveCfg = Release|x64
		{5B720D62-15D7-4DA4-8CB8-A722D919F0FB}.Release|x64.Build.0 = Release|x64
		{5B720D62-15D7-4DA4-8CB8-A722D919F0FB}.Release|x86.ActiveCfg = Release|Win32
		{5B720D62-15D7-4DA4-8CB8-A722D919F0FB}.Release|x86.Build.0 = Release|Win32
	EndGlobalSection
	GlobalSection(SolutionProperties) = preSolution
		HideSolutionNode = FALSE
	EndGlobalSection
	GlobalSection(ExtensibilityGlobals) = postSolution
		SolutionGuid = {7F9002CE-96E2-4402-9C51-FB71B1A1E71E}
	EndGlobalSection
EndGlobal
